
Microsoft Visual Studio Solution File, Format Version 12.00
# Visual Studio Version 17
VisualStudioVersion = 17.1.32319.34
MinimumVisualStudioVersion = 10.0.40219.1
Project("{2150E333-8FDC-42A3-9474-1A3956D46DE8}") = "src", "src", "{F9FDAAA9-45F8-43FC-BC11-76864372E09A}"
EndProject
Project("{2150E333-8FDC-42A3-9474-1A3956D46DE8}") = "tests", "tests", "{33B00FFD-1CDE-44F5-9DA9-19E2F1BB0EC8}"
EndProject
Project("{9A19103F-16F7-4668-BE54-9A1E7A4F7556}") = "Codeed.Framework.Commons", "src\Codeed.Framework.Commons\Codeed.Framework.Commons.csproj", "{2348FD97-D485-4A7D-8981-47ACDE9FC5EC}"
EndProject
Project("{9A19103F-16F7-4668-BE54-9A1E7A4F7556}") = "Codeed.Framework.Commons.Tests", "tests\Codeed.Framework.Commons.Tests\Codeed.Framework.Commons.Tests.csproj", "{232F862E-DB6F-4F98-B6CB-848FEE07753F}"
EndProject
Project("{9A19103F-16F7-4668-BE54-9A1E7A4F7556}") = "Codeed.Framework.Services", "src\Codeed.Framework.Services\Codeed.Framework.Services.csproj", "{078986ED-66C9-4CA0-8DA2-CD4BE4C23A44}"
EndProject
Project("{9A19103F-16F7-4668-BE54-9A1E7A4F7556}") = "Codeed.Framework.Identity", "src\Codeed.Framework.Identity\Codeed.Framework.Identity.csproj", "{70B4EB97-ADAE-4594-A7AA-71AB6DE5DAA2}"
EndProject
Project("{9A19103F-16F7-4668-BE54-9A1E7A4F7556}") = "Codeed.Framework.AspNet", "src\Codeed.Framework.AspNet\Codeed.Framework.AspNet.csproj", "{E9E84877-3739-4885-8777-C17EB347507B}"
EndProject
Project("{9A19103F-16F7-4668-BE54-9A1E7A4F7556}") = "Codeed.Framework.Domain", "src\Codeed.Framework.Domain\Codeed.Framework.Domain.csproj", "{86FAEC2A-72C5-46F8-B125-7D56FDF0FFF2}"
EndProject
Project("{9A19103F-16F7-4668-BE54-9A1E7A4F7556}") = "Codeed.Framework.Data", "src\Codeed.Framework.Data\Codeed.Framework.Data.csproj", "{C4367757-324E-4C36-A02A-CF4D5505254E}"
EndProject
Project("{9A19103F-16F7-4668-BE54-9A1E7A4F7556}") = "Codeed.Framework.Environment", "src\Codeed.Framework.Environment\Codeed.Framework.Environment.csproj", "{6CB1185D-99FD-4D3D-98A1-79D56F1300EC}"
EndProject
Project("{9A19103F-16F7-4668-BE54-9A1E7A4F7556}") = "Codeed.Framework.Models", "src\Codeed.Framework.Models\Codeed.Framework.Models.csproj", "{2388A432-0050-4534-B97C-D72EF09A4FE3}"
EndProject
Project("{2150E333-8FDC-42A3-9474-1A3956D46DE8}") = "sample", "sample", "{9670C030-11EC-4F60-9F6C-C6B4A10FC184}"
EndProject
Project("{9A19103F-16F7-4668-BE54-9A1E7A4F7556}") = "Sample.Web", "sample\Sample.Web\Sample.Web.csproj", "{CED823AB-F3AE-447E-B41D-21E78914F333}"
EndProject
Project("{9A19103F-16F7-4668-BE54-9A1E7A4F7556}") = "Sample.Domain", "sample\Sample.Domain\Sample.Domain.csproj", "{B79D3B0E-F1EC-46A1-9CCF-34D38E81657C}"
EndProject
Project("{9A19103F-16F7-4668-BE54-9A1E7A4F7556}") = "Sample.WebApi", "sample\Sample.WebApi\Sample.WebApi.csproj", "{E26421D5-2DB6-401B-A76D-84277B78BAD0}"
EndProject
Project("{2150E333-8FDC-42A3-9474-1A3956D46DE8}") = "contexts", "contexts", "{B709196C-D75A-4BFF-A81A-2472896977B6}"
EndProject
Project("{9A19103F-16F7-4668-BE54-9A1E7A4F7556}") = "Sample.Application", "sample\Sample.Application\Sample.Application.csproj", "{F4731693-8143-4FFF-9F76-27B32DBEE34B}"
EndProject
Project("{9A19103F-16F7-4668-BE54-9A1E7A4F7556}") = "Sample.Data", "sample\Sample.Data\Sample.Data.csproj", "{5389F34B-F524-43B6-9CEE-69EE94E72D0E}"
EndProject
Project("{9A19103F-16F7-4668-BE54-9A1E7A4F7556}") = "Sample.Identity", "sample\Sample.Identity\Sample.Identity.csproj", "{01945D97-4C33-44A3-AA8B-C61E4C73ADAC}"
EndProject
Project("{FAE04EC0-301F-11D3-BF4B-00C04F79EFBC}") = "Sample.Identity.Services", "sample\Sample.Identity.Services\Sample.Identity.Services.csproj", "{BBCC80EB-B6F7-4747-BEB1-98F6CFE9274B}"
EndProject
Global
	GlobalSection(SolutionConfigurationPlatforms) = preSolution
		Debug|Any CPU = Debug|Any CPU
		Release|Any CPU = Release|Any CPU
	EndGlobalSection
	GlobalSection(ProjectConfigurationPlatforms) = postSolution
		{2348FD97-D485-4A7D-8981-47ACDE9FC5EC}.Debug|Any CPU.ActiveCfg = Debug|Any CPU
		{2348FD97-D485-4A7D-8981-47ACDE9FC5EC}.Debug|Any CPU.Build.0 = Debug|Any CPU
		{2348FD97-D485-4A7D-8981-47ACDE9FC5EC}.Release|Any CPU.ActiveCfg = Release|Any CPU
		{2348FD97-D485-4A7D-8981-47ACDE9FC5EC}.Release|Any CPU.Build.0 = Release|Any CPU
		{232F862E-DB6F-4F98-B6CB-848FEE07753F}.Debug|Any CPU.ActiveCfg = Debug|Any CPU
		{232F862E-DB6F-4F98-B6CB-848FEE07753F}.Debug|Any CPU.Build.0 = Debug|Any CPU
		{232F862E-DB6F-4F98-B6CB-848FEE07753F}.Release|Any CPU.ActiveCfg = Release|Any CPU
		{232F862E-DB6F-4F98-B6CB-848FEE07753F}.Release|Any CPU.Build.0 = Release|Any CPU
		{078986ED-66C9-4CA0-8DA2-CD4BE4C23A44}.Debug|Any CPU.ActiveCfg = Debug|Any CPU
		{078986ED-66C9-4CA0-8DA2-CD4BE4C23A44}.Debug|Any CPU.Build.0 = Debug|Any CPU
		{078986ED-66C9-4CA0-8DA2-CD4BE4C23A44}.Release|Any CPU.ActiveCfg = Release|Any CPU
		{078986ED-66C9-4CA0-8DA2-CD4BE4C23A44}.Release|Any CPU.Build.0 = Release|Any CPU
		{70B4EB97-ADAE-4594-A7AA-71AB6DE5DAA2}.Debug|Any CPU.ActiveCfg = Debug|Any CPU
		{70B4EB97-ADAE-4594-A7AA-71AB6DE5DAA2}.Debug|Any CPU.Build.0 = Debug|Any CPU
		{70B4EB97-ADAE-4594-A7AA-71AB6DE5DAA2}.Release|Any CPU.ActiveCfg = Release|Any CPU
		{70B4EB97-ADAE-4594-A7AA-71AB6DE5DAA2}.Release|Any CPU.Build.0 = Release|Any CPU
		{E9E84877-3739-4885-8777-C17EB347507B}.Debug|Any CPU.ActiveCfg = Debug|Any CPU
		{E9E84877-3739-4885-8777-C17EB347507B}.Debug|Any CPU.Build.0 = Debug|Any CPU
		{E9E84877-3739-4885-8777-C17EB347507B}.Release|Any CPU.ActiveCfg = Release|Any CPU
		{E9E84877-3739-4885-8777-C17EB347507B}.Release|Any CPU.Build.0 = Release|Any CPU
		{86FAEC2A-72C5-46F8-B125-7D56FDF0FFF2}.Debug|Any CPU.ActiveCfg = Debug|Any CPU
		{86FAEC2A-72C5-46F8-B125-7D56FDF0FFF2}.Debug|Any CPU.Build.0 = Debug|Any CPU
		{86FAEC2A-72C5-46F8-B125-7D56FDF0FFF2}.Release|Any CPU.ActiveCfg = Release|Any CPU
		{86FAEC2A-72C5-46F8-B125-7D56FDF0FFF2}.Release|Any CPU.Build.0 = Release|Any CPU
		{C4367757-324E-4C36-A02A-CF4D5505254E}.Debug|Any CPU.ActiveCfg = Debug|Any CPU
		{C4367757-324E-4C36-A02A-CF4D5505254E}.Debug|Any CPU.Build.0 = Debug|Any CPU
		{C4367757-324E-4C36-A02A-CF4D5505254E}.Release|Any CPU.ActiveCfg = Release|Any CPU
		{C4367757-324E-4C36-A02A-CF4D5505254E}.Release|Any CPU.Build.0 = Release|Any CPU
		{6CB1185D-99FD-4D3D-98A1-79D56F1300EC}.Debug|Any CPU.ActiveCfg = Debug|Any CPU
		{6CB1185D-99FD-4D3D-98A1-79D56F1300EC}.Debug|Any CPU.Build.0 = Debug|Any CPU
		{6CB1185D-99FD-4D3D-98A1-79D56F1300EC}.Release|Any CPU.ActiveCfg = Release|Any CPU
		{6CB1185D-99FD-4D3D-98A1-79D56F1300EC}.Release|Any CPU.Build.0 = Release|Any CPU
		{2388A432-0050-4534-B97C-D72EF09A4FE3}.Debug|Any CPU.ActiveCfg = Debug|Any CPU
		{2388A432-0050-4534-B97C-D72EF09A4FE3}.Debug|Any CPU.Build.0 = Debug|Any CPU
		{2388A432-0050-4534-B97C-D72EF09A4FE3}.Release|Any CPU.ActiveCfg = Release|Any CPU
		{2388A432-0050-4534-B97C-D72EF09A4FE3}.Release|Any CPU.Build.0 = Release|Any CPU
		{CED823AB-F3AE-447E-B41D-21E78914F333}.Debug|Any CPU.ActiveCfg = Debug|Any CPU
		{CED823AB-F3AE-447E-B41D-21E78914F333}.Debug|Any CPU.Build.0 = Debug|Any CPU
		{CED823AB-F3AE-447E-B41D-21E78914F333}.Release|Any CPU.ActiveCfg = Release|Any CPU
		{CED823AB-F3AE-447E-B41D-21E78914F333}.Release|Any CPU.Build.0 = Release|Any CPU
		{B79D3B0E-F1EC-46A1-9CCF-34D38E81657C}.Debug|Any CPU.ActiveCfg = Debug|Any CPU
		{B79D3B0E-F1EC-46A1-9CCF-34D38E81657C}.Debug|Any CPU.Build.0 = Debug|Any CPU
		{B79D3B0E-F1EC-46A1-9CCF-34D38E81657C}.Release|Any CPU.ActiveCfg = Release|Any CPU
		{B79D3B0E-F1EC-46A1-9CCF-34D38E81657C}.Release|Any CPU.Build.0 = Release|Any CPU
		{E26421D5-2DB6-401B-A76D-84277B78BAD0}.Debug|Any CPU.ActiveCfg = Debug|Any CPU
		{E26421D5-2DB6-401B-A76D-84277B78BAD0}.Debug|Any CPU.Build.0 = Debug|Any CPU
		{E26421D5-2DB6-401B-A76D-84277B78BAD0}.Release|Any CPU.ActiveCfg = Release|Any CPU
		{E26421D5-2DB6-401B-A76D-84277B78BAD0}.Release|Any CPU.Build.0 = Release|Any CPU
		{F4731693-8143-4FFF-9F76-27B32DBEE34B}.Debug|Any CPU.ActiveCfg = Debug|Any CPU
		{F4731693-8143-4FFF-9F76-27B32DBEE34B}.Debug|Any CPU.Build.0 = Debug|Any CPU
		{F4731693-8143-4FFF-9F76-27B32DBEE34B}.Release|Any CPU.ActiveCfg = Release|Any CPU
		{F4731693-8143-4FFF-9F76-27B32DBEE34B}.Release|Any CPU.Build.0 = Release|Any CPU
		{5389F34B-F524-43B6-9CEE-69EE94E72D0E}.Debug|Any CPU.ActiveCfg = Debug|Any CPU
		{5389F34B-F524-43B6-9CEE-69EE94E72D0E}.Debug|Any CPU.Build.0 = Debug|Any CPU
		{5389F34B-F524-43B6-9CEE-69EE94E72D0E}.Release|Any CPU.ActiveCfg = Release|Any CPU
		{5389F34B-F524-43B6-9CEE-69EE94E72D0E}.Release|Any CPU.Build.0 = Release|Any CPU
		{01945D97-4C33-44A3-AA8B-C61E4C73ADAC}.Debug|Any CPU.ActiveCfg = Debug|Any CPU
		{01945D97-4C33-44A3-AA8B-C61E4C73ADAC}.Debug|Any CPU.Build.0 = Debug|Any CPU
		{01945D97-4C33-44A3-AA8B-C61E4C73ADAC}.Release|Any CPU.ActiveCfg = Release|Any CPU
		{01945D97-4C33-44A3-AA8B-C61E4C73ADAC}.Release|Any CPU.Build.0 = Release|Any CPU
		{BBCC80EB-B6F7-4747-BEB1-98F6CFE9274B}.Debug|Any CPU.ActiveCfg = Debug|Any CPU
		{BBCC80EB-B6F7-4747-BEB1-98F6CFE9274B}.Debug|Any CPU.Build.0 = Debug|Any CPU
		{BBCC80EB-B6F7-4747-BEB1-98F6CFE9274B}.Release|Any CPU.ActiveCfg = Release|Any CPU
		{BBCC80EB-B6F7-4747-BEB1-98F6CFE9274B}.Release|Any CPU.Build.0 = Release|Any CPU
	EndGlobalSection
	GlobalSection(SolutionProperties) = preSolution
		HideSolutionNode = FALSE
	EndGlobalSection
	GlobalSection(NestedProjects) = preSolution
		{2348FD97-D485-4A7D-8981-47ACDE9FC5EC} = {F9FDAAA9-45F8-43FC-BC11-76864372E09A}
		{232F862E-DB6F-4F98-B6CB-848FEE07753F} = {33B00FFD-1CDE-44F5-9DA9-19E2F1BB0EC8}
		{078986ED-66C9-4CA0-8DA2-CD4BE4C23A44} = {F9FDAAA9-45F8-43FC-BC11-76864372E09A}
		{70B4EB97-ADAE-4594-A7AA-71AB6DE5DAA2} = {F9FDAAA9-45F8-43FC-BC11-76864372E09A}
		{E9E84877-3739-4885-8777-C17EB347507B} = {F9FDAAA9-45F8-43FC-BC11-76864372E09A}
		{86FAEC2A-72C5-46F8-B125-7D56FDF0FFF2} = {F9FDAAA9-45F8-43FC-BC11-76864372E09A}
		{C4367757-324E-4C36-A02A-CF4D5505254E} = {F9FDAAA9-45F8-43FC-BC11-76864372E09A}
		{6CB1185D-99FD-4D3D-98A1-79D56F1300EC} = {F9FDAAA9-45F8-43FC-BC11-76864372E09A}
		{2388A432-0050-4534-B97C-D72EF09A4FE3} = {F9FDAAA9-45F8-43FC-BC11-76864372E09A}
		{CED823AB-F3AE-447E-B41D-21E78914F333} = {9670C030-11EC-4F60-9F6C-C6B4A10FC184}
		{B79D3B0E-F1EC-46A1-9CCF-34D38E81657C} = {B709196C-D75A-4BFF-A81A-2472896977B6}
		{E26421D5-2DB6-401B-A76D-84277B78BAD0} = {B709196C-D75A-4BFF-A81A-2472896977B6}
		{B709196C-D75A-4BFF-A81A-2472896977B6} = {9670C030-11EC-4F60-9F6C-C6B4A10FC184}
		{F4731693-8143-4FFF-9F76-27B32DBEE34B} = {B709196C-D75A-4BFF-A81A-2472896977B6}
		{5389F34B-F524-43B6-9CEE-69EE94E72D0E} = {B709196C-D75A-4BFF-A81A-2472896977B6}
		{01945D97-4C33-44A3-AA8B-C61E4C73ADAC} = {9670C030-11EC-4F60-9F6C-C6B4A10FC184}
		{BBCC80EB-B6F7-4747-BEB1-98F6CFE9274B} = {9670C030-11EC-4F60-9F6C-C6B4A10FC184}
	EndGlobalSection
	GlobalSection(ExtensibilityGlobals) = postSolution
		SolutionGuid = {E043ACAF-DFFF-45CA-89A4-ACD97B70355B}
	EndGlobalSection
EndGlobal
